<?xml version="1.0" encoding="UTF-8"?>
<!DOCTYPE plist PUBLIC "-//Apple//DTD PLIST 1.0//EN" "http://www.apple.com/DTDs/PropertyList-1.0.dtd">
<plist version="1.0">
<dict>
	<key>archiveVersion</key>
	<string>1</string>
	<key>classes</key>
	<dict/>
	<key>objectVersion</key>
	<string>56</string>
	<key>objects</key>
	<dict>
		<key>EE1E752050BF380B88186C3D</key>
		<dict>
			<key>isa</key>
			<string>PBXFileReference</string>
			<key>path</key>
			<string>Config/Project.xcconfig</string>
			<key>sourceTree</key>
			<string>&lt;group&gt;</string>
			<key>lastKnownFileType</key>
			<string>text.xcconfig</string>
		</dict>
		<key>681C948D238C526E9E3424E0</key>
		<dict>
			<key>isa</key>
			<string>PBXFileReference</string>
			<key>path</key>
			<string>Locked Gaze.app</string>
			<key>sourceTree</key>
			<string>BUILT_PRODUCTS_DIR</string>
			<key>explicitFileType</key>
			<string>wrapper.application</string>
		</dict>
		<key>9B5EA5B470B5FDC806AA1095</key>
		<dict>
			<key>isa</key>
			<string>PBXFileReference</string>
			<key>path</key>
			<string>local.lockedgaze.app.camera.systemextension</string>
			<key>sourceTree</key>
			<string>BUILT_PRODUCTS_DIR</string>
			<key>explicitFileType</key>
			<string>wrapper.system-extension</string>
		</dict>
		<key>10C50543D5AD7F4C64ED50E2</key>
		<dict>
			<key>isa</key>
			<string>PBXFileReference</string>
			<key>path</key>
			<string>LockedGazeControls.appex</string>
			<key>sourceTree</key>
			<string>BUILT_PRODUCTS_DIR</string>
			<key>explicitFileType</key>
			<string>wrapper.app-extension</string>
		</dict>
		<key>E2766D768D2958DD7634E2E4</key>
		<dict>
			<key>isa</key>
			<string>PBXFileReference</string>
			<key>path</key>
			<string>LockedGazePublisher.xpc</string>
			<key>sourceTree</key>
			<string>BUILT_PRODUCTS_DIR</string>
			<key>explicitFileType</key>
			<string>wrapper.xpc-service</string>
		</dict>
		<key>0A3E27B8CA818264D75C8D81</key>
		<dict>
			<key>isa</key>
			<string>PBXGroup</string>
			<key>name</key>
			<string>Products</string>
			<key>sourceTree</key>
			<string>&lt;group&gt;</string>
			<key>children</key>
			<array>
				<string>681C948D238C526E9E3424E0</string>
				<string>9B5EA5B470B5FDC806AA1095</string>
				<string>10C50543D5AD7F4C64ED50E2</string>
				<string>E2766D768D2958DD7634E2E4</string>
			</array>
		</dict>
		<key>63EE053353E45F6A22419022</key>
		<dict>
			<key>isa</key>
			<string>PBXFileReference</string>
			<key>path</key>
			<string>Native/LGFramePipeline.mm</string>
			<key>sourceTree</key>
			<string>&lt;group&gt;</string>
			<key>lastKnownFileType</key>
			<string>sourcecode.cpp.objcpp</string>
		</dict>
		<key>116EC12D2EA3220EC03C8998</key>
		<dict>
			<key>isa</key>
			<string>PBXFileReference</string>
			<key>path</key>
			<string>Sources/App/CameraPublisherClient.swift</string>
			<key>sourceTree</key>
			<string>&lt;group&gt;</string>
			<key>lastKnownFileType</key>
			<string>sourcecode.swift</string>
		</dict>
		<key>3075A9D7F6CC5000BD750822</key>
		<dict>
			<key>isa</key>
			<string>PBXFileReference</string>
			<key>path</key>
			<string>Sources/App/CameraSession.swift</string>
			<key>sourceTree</key>
			<string>&lt;group&gt;</string>
			<key>lastKnownFileType</key>
			<string>sourcecode.swift</string>
		</dict>
		<key>CCB001D5E9CF861EC8CE202C</key>
		<dict>
			<key>isa</key>
			<string>PBXFileReference</string>
			<key>path</key>
			<string>Sources/App/ExtensionInstaller.swift</string>
			<key>sourceTree</key>
			<string>&lt;group&gt;</string>
			<key>lastKnownFileType</key>
			<string>sourcecode.swift</string>
		</dict>
		<key>DED429E8F9208C8118435C41</key>
		<dict>
			<key>isa</key>
			<string>PBXFileReference</string>
			<key>path</key>
			<string>Sources/App/PermissionPrompt.swift</string>
			<key>sourceTree</key>
			<string>&lt;group&gt;</string>
			<key>lastKnownFileType</key>
			<string>sourcecode.swift</string>
		</dict>
		<key>A2DC7F627C51D09FD53F9A13</key>
		<dict>
			<key>isa</key>
			<string>PBXFileReference</string>
			<key>path</key>
			<string>Sources/App/Presentation.swift</string>
			<key>sourceTree</key>
			<string>&lt;group&gt;</string>
			<key>lastKnownFileType</key>
			<string>sourcecode.swift</string>
		</dict>
		<key>E26D999A86947B67F4844FA6</key>
		<dict>
			<key>isa</key>
			<string>PBXFileReference</string>
			<key>path</key>
			<string>Sources/App/SourceCameraMenu.swift</string>
			<key>sourceTree</key>
			<string>&lt;group&gt;</string>
			<key>lastKnownFileType</key>
			<string>sourcecode.swift</string>
		</dict>
		<key>AF086B9EDF5D21B7535C7202</key>
		<dict>
			<key>isa</key>
			<string>PBXFileReference</string>
			<key>path</key>
			<string>Sources/App/main.swift</string>
			<key>sourceTree</key>
			<string>&lt;group&gt;</string>
			<key>lastKnownFileType</key>
			<string>sourcecode.swift</string>
		</dict>
		<key>8E00FA504E47B2EE67AC6581</key>
		<dict>
			<key>isa</key>
			<string>PBXFileReference</string>
			<key>path</key>
			<string>Sources/CameraExtension/CameraProvider.swift</string>
			<key>sourceTree</key>
			<string>&lt;group&gt;</string>
			<key>lastKnownFileType</key>
			<string>sourcecode.swift</string>
		</dict>
		<key>3901E9379DB363554E85E331</key>
		<dict>
			<key>isa</key>
			<string>PBXFileReference</string>
			<key>path</key>
			<string>Sources/CameraExtension/ProducerAuthorization.swift</string>
			<key>sourceTree</key>
			<string>&lt;group&gt;</string>
			<key>lastKnownFileType</key>
			<string>sourcecode.swift</string>
		</dict>
		<key>32D324E8BEEE0D338B832676</key>
		<dict>
			<key>isa</key>
			<string>PBXFileReference</string>
			<key>path</key>
			<string>Sources/CameraExtension/main.swift</string>
			<key>sourceTree</key>
			<string>&lt;group&gt;</string>
			<key>lastKnownFileType</key>
			<string>sourcecode.swift</string>
		</dict>
		<key>F69629B2B78ECDDEFFD61CD1</key>
		<dict>
			<key>isa</key>
			<string>PBXFileReference</string>
			<key>path</key>
			<string>Sources/ControlSupport/ControlStateStore.swift</string>
			<key>sourceTree</key>
			<string>&lt;group&gt;</string>
			<key>lastKnownFileType</key>
			<string>sourcecode.swift</string>
		</dict>
		<key>448BBD263BB57919E843D915</key>
		<dict>
			<key>isa</key>
			<string>PBXFileReference</string>
			<key>path</key>
			<string>Sources/ControlSupport/GazeControlIntent.swift</string>
			<key>sourceTree</key>
			<string>&lt;group&gt;</string>
			<key>lastKnownFileType</key>
			<string>sourcecode.swift</string>
		</dict>
		<key>B60FAC0CDFDC6B7FD6ADAC90</key>
		<dict>
			<key>isa</key>
			<string>PBXFileReference</string>
			<key>path</key>
			<string>Sources/Controls/LockedGazeControls.swift</string>
			<key>sourceTree</key>
			<string>&lt;group&gt;</string>
			<key>lastKnownFileType</key>
			<string>sourcecode.swift</string>
		</dict>
		<key>4B324CCB000D3A0BEEA02CE8</key>
		<dict>
			<key>isa</key>
			<string>PBXFileReference</string>
			<key>path</key>
			<string>Sources/Core/CameraLifecycle.swift</string>
			<key>sourceTree</key>
			<string>&lt;group&gt;</string>
			<key>lastKnownFileType</key>
			<string>sourcecode.swift</string>
		</dict>
		<key>49D65FB831A4BEEC3B82DC07</key>
		<dict>
			<key>isa</key>
			<string>PBXFileReference</string>
			<key>path</key>
			<string>Sources/Core/CameraPresentation.swift</string>
			<key>sourceTree</key>
			<string>&lt;group&gt;</string>
			<key>lastKnownFileType</key>
			<string>sourcecode.swift</string>
		</dict>
		<key>45793160F525BC71776FB449</key>
		<dict>
			<key>isa</key>
			<string>PBXFileReference</string>
			<key>path</key>
			<string>Sources/Core/CameraSelection.swift</string>
			<key>sourceTree</key>
			<string>&lt;group&gt;</string>
			<key>lastKnownFileType</key>
			<string>sourcecode.swift</string>
		</dict>
		<key>295F831CF5309F9359F2D1A8</key>
		<dict>
			<key>isa</key>
			<string>PBXFileReference</string>
			<key>path</key>
			<string>Sources/Core/GazeError.swift</string>
			<key>sourceTree</key>
			<string>&lt;group&gt;</string>
			<key>lastKnownFileType</key>
			<string>sourcecode.swift</string>
		</dict>
		<key>AE696CA84B06F317EAB1311D</key>
		<dict>
			<key>isa</key>
			<string>PBXFileReference</string>
			<key>path</key>
			<string>Sources/Core/LandmarkHead.swift</string>
			<key>sourceTree</key>
			<string>&lt;group&gt;</string>
			<key>lastKnownFileType</key>
			<string>sourcecode.swift</string>
		</dict>
		<key>CFDD214C47E5EEC12C5BA545</key>
		<dict>
			<key>isa</key>
			<string>PBXFileReference</string>
			<key>path</key>
			<string>Sources/Core/LatestFrameWorker.swift</string>
			<key>sourceTree</key>
			<string>&lt;group&gt;</string>
			<key>lastKnownFileType</key>
			<string>sourcecode.swift</string>
		</dict>
		<key>B76A32123B3915E8ADE47294</key>
		<dict>
			<key>isa</key>
			<string>PBXFileReference</string>
			<key>path</key>
			<string>Sources/Core/ModelStore.swift</string>
			<key>sourceTree</key>
			<string>&lt;group&gt;</string>
			<key>lastKnownFileType</key>
			<string>sourcecode.swift</string>
		</dict>
		<key>B6516958672FB05CB8EB6DD0</key>
		<dict>
			<key>isa</key>
			<string>PBXFileReference</string>
			<key>path</key>
			<string>Sources/Core/PermissionGate.swift</string>
			<key>sourceTree</key>
			<string>&lt;group&gt;</string>
			<key>lastKnownFileType</key>
			<string>sourcecode.swift</string>
		</dict>
		<key>077E5BC3D4F9DC7A5BD13DC1</key>
		<dict>
			<key>isa</key>
			<string>PBXFileReference</string>
			<key>path</key>
			<string>Sources/Core/ReplyOnce.swift</string>
			<key>sourceTree</key>
			<string>&lt;group&gt;</string>
			<key>lastKnownFileType</key>
			<string>sourcecode.swift</string>
		</dict>
		<key>B8367F4A6FE61C8936B4F8CF</key>
		<dict>
			<key>isa</key>
			<string>PBXFileReference</string>
			<key>path</key>
			<string>Sources/Core/StartupRetry.swift</string>
			<key>sourceTree</key>
			<string>&lt;group&gt;</string>
			<key>lastKnownFileType</key>
			<string>sourcecode.swift</string>
		</dict>
		<key>BB73BA3382CDDC546EA63603</key>
		<dict>
			<key>isa</key>
			<string>PBXFileReference</string>
			<key>path</key>
			<string>Sources/PublisherIPC/CameraPublisherProtocol.swift</string>
			<key>sourceTree</key>
			<string>&lt;group&gt;</string>
			<key>lastKnownFileType</key>
			<string>sourcecode.swift</string>
		</dict>
		<key>FCEA454A805C73EF24C104F5</key>
		<dict>
			<key>isa</key>
			<string>PBXFileReference</string>
			<key>path</key>
			<string>Sources/PublisherService/CameraPublisher.swift</string>
			<key>sourceTree</key>
			<string>&lt;group&gt;</string>
			<key>lastKnownFileType</key>
			<string>sourcecode.swift</string>
		</dict>
		<key>1051C7AF10809DCD75E7134A</key>
		<dict>
			<key>isa</key>
			<string>PBXFileReference</string>
			<key>path</key>
			<string>Sources/PublisherService/main.swift</string>
			<key>sourceTree</key>
			<string>&lt;group&gt;</string>
			<key>lastKnownFileType</key>
			<string>sourcecode.swift</string>
		</dict>
		<key>23DF8ED8F6D6707CABAACB3B</key>
		<dict>
			<key>isa</key>
			<string>PBXFileReference</string>
			<key>path</key>
			<string>Sources/Shared/CameraContract.swift</string>
			<key>sourceTree</key>
			<string>&lt;group&gt;</string>
			<key>lastKnownFileType</key>
			<string>sourcecode.swift</string>
		</dict>
		<key>C112E5505A3E712CCC5A5201</key>
		<dict>
			<key>isa</key>
			<string>PBXFileReference</string>
			<key>path</key>
			<string>Sources/Shared/FrameMailbox.swift</string>
			<key>sourceTree</key>
			<string>&lt;group&gt;</string>
			<key>lastKnownFileType</key>
			<string>sourcecode.swift</string>
		</dict>
		<key>1E97B59266506C232C9DC5B9</key>
		<dict>
			<key>isa</key>
			<string>PBXFileReference</string>
			<key>path</key>
			<string>build/Models</string>
			<key>sourceTree</key>
			<string>&lt;group&gt;</string>
			<key>lastKnownFileType</key>
			<string>folder</string>
		</dict>
		<key>8D1C0C012D50DEEAE4F57C23</key>
		<dict>
			<key>isa</key>
			<string>PBXFileReference</string>
			<key>path</key>
			<string>build/AppIcon.icns</string>
			<key>sourceTree</key>
			<string>&lt;group&gt;</string>
			<key>lastKnownFileType</key>
			<string>image.icns</string>
		</dict>
		<key>11B70C8AE80489B974636C11</key>
		<dict>
			<key>isa</key>
			<string>PBXFileReference</string>
			<key>path</key>
			<string>Native/include/LGFramePipeline.h</string>
			<key>sourceTree</key>
			<string>&lt;group&gt;</string>
			<key>lastKnownFileType</key>
			<string>sourcecode.c.h</string>
		</dict>
		<key>6B7C5F8432B968C375C9E6E7</key>
		<dict>
			<key>isa</key>
			<string>PBXFileReference</string>
			<key>path</key>
			<string>Config/App.entitlements</string>
			<key>sourceTree</key>
			<string>&lt;group&gt;</string>
			<key>lastKnownFileType</key>
			<string>text.plist.xml</string>
		</dict>
		<key>EA2A48B74AC827CA6A3DF1B8</key>
		<dict>
			<key>isa</key>
			<string>PBXFileReference</string>
			<key>path</key>
			<string>Config/Camera.entitlements</string>
			<key>sourceTree</key>
			<string>&lt;group&gt;</string>
			<key>lastKnownFileType</key>
			<string>text.plist.xml</string>
		</dict>
		<key>7C0858417E8594228ED3CE0A</key>
		<dict>
			<key>isa</key>
			<string>PBXFileReference</string>
			<key>path</key>
			<string>Config/App-Info.plist</string>
			<key>sourceTree</key>
			<string>&lt;group&gt;</string>
			<key>lastKnownFileType</key>
			<string>text.plist.xml</string>
		</dict>
		<key>48AE23C9ED0D1ADCD95437C2</key>
		<dict>
			<key>isa</key>
			<string>PBXFileReference</string>
			<key>path</key>
			<string>Config/Camera-Info.plist</string>
			<key>sourceTree</key>
			<string>&lt;group&gt;</string>
			<key>lastKnownFileType</key>
			<string>text.plist.xml</string>
		</dict>
		<key>2ABAD2695D2BB213CA4959AD</key>
		<dict>
			<key>isa</key>
			<string>PBXFileReference</string>
			<key>path</key>
			<string>Config/Publisher-Info.plist</string>
			<key>sourceTree</key>
			<string>&lt;group&gt;</string>
			<key>lastKnownFileType</key>
			<string>text.plist.xml</string>
		</dict>
		<key>AF2D290E43E6E975D7526872</key>
		<dict>
			<key>isa</key>
			<string>PBXFileReference</string>
			<key>path</key>
			<string>Config/Publisher.entitlements</string>
			<key>sourceTree</key>
			<string>&lt;group&gt;</string>
			<key>lastKnownFileType</key>
			<string>text.plist.xml</string>
		</dict>
		<key>C69913C7EE4DFDD011BE172F</key>
		<dict>
			<key>isa</key>
			<string>PBXGroup</string>
			<key>sourceTree</key>
			<string>&lt;group&gt;</string>
			<key>children</key>
			<array>
				<string>EE1E752050BF380B88186C3D</string>
				<string>63EE053353E45F6A22419022</string>
				<string>116EC12D2EA3220EC03C8998</string>
				<string>3075A9D7F6CC5000BD750822</string>
				<string>CCB001D5E9CF861EC8CE202C</string>
				<string>DED429E8F9208C8118435C41</string>
				<string>A2DC7F627C51D09FD53F9A13</string>
				<string>E26D999A86947B67F4844FA6</string>
				<string>AF086B9EDF5D21B7535C7202</string>
				<string>8E00FA504E47B2EE67AC6581</string>
				<string>3901E9379DB363554E85E331</string>
				<string>32D324E8BEEE0D338B832676</string>
				<string>F69629B2B78ECDDEFFD61CD1</string>
				<string>448BBD263BB57919E843D915</string>
				<string>B60FAC0CDFDC6B7FD6ADAC90</string>
				<string>4B324CCB000D3A0BEEA02CE8</string>
				<string>49D65FB831A4BEEC3B82DC07</string>
				<string>45793160F525BC71776FB449</string>
				<string>295F831CF5309F9359F2D1A8</string>
				<string>AE696CA84B06F317EAB1311D</string>
				<string>CFDD214C47E5EEC12C5BA545</string>
				<string>B76A32123B3915E8ADE47294</string>
				<string>B6516958672FB05CB8EB6DD0</string>
				<string>077E5BC3D4F9DC7A5BD13DC1</string>
				<string>B8367F4A6FE61C8936B4F8CF</string>
				<string>BB73BA3382CDDC546EA63603</string>
				<string>FCEA454A805C73EF24C104F5</string>
				<string>1051C7AF10809DCD75E7134A</string>
				<string>23DF8ED8F6D6707CABAACB3B</string>
				<string>C112E5505A3E712CCC5A5201</string>
				<string>1E97B59266506C232C9DC5B9</string>
				<string>8D1C0C012D50DEEAE4F57C23</string>
				<string>11B70C8AE80489B974636C11</string>
				<string>6B7C5F8432B968C375C9E6E7</string>
				<string>EA2A48B74AC827CA6A3DF1B8</string>
				<string>7C0858417E8594228ED3CE0A</string>
				<string>48AE23C9ED0D1ADCD95437C2</string>
				<string>2ABAD2695D2BB213CA4959AD</string>
				<string>AF2D290E43E6E975D7526872</string>
				<string>0A3E27B8CA818264D75C8D81</string>
			</array>
		</dict>
		<key>488864B3D19480A82F7F1786</key>
		<dict>
			<key>isa</key>
			<string>XCBuildConfiguration</string>
			<key>name</key>
			<string>Debug</string>
			<key>baseConfigurationReference</key>
			<string>EE1E752050BF380B88186C3D</string>
			<key>buildSettings</key>
			<dict>
				<key>SWIFT_OPTIMIZATION_LEVEL</key>
				<string>-Onone</string>
				<key>GCC_OPTIMIZATION_LEVEL</key>
				<string>0</string>
				<key>DEBUG_INFORMATION_FORMAT</key>
				<string>dwarf</string>
			</dict>
		</dict>
		<key>35B1014F135DE9B45529B733</key>
		<dict>
			<key>isa</key>
			<string>XCBuildConfiguration</string>
			<key>name</key>
			<string>Release</string>
			<key>baseConfigurationReference</key>
			<string>EE1E752050BF380B88186C3D</string>
			<key>buildSettings</key>
			<dict>
				<key>SWIFT_OPTIMIZATION_LEVEL</key>
				<string>-O</string>
				<key>GCC_OPTIMIZATION_LEVEL</key>
				<string>3</string>
				<key>DEBUG_INFORMATION_FORMAT</key>
				<string>dwarf-with-dsym</string>
			</dict>
		</dict>
		<key>B4E10CAA9C5E22150B71559C</key>
		<dict>
			<key>isa</key>
			<string>XCConfigurationList</string>
			<key>buildConfigurations</key>
			<array>
				<string>488864B3D19480A82F7F1786</string>
				<string>35B1014F135DE9B45529B733</string>
			</array>
			<key>defaultConfigurationIsVisible</key>
			<string>0</string>
			<key>defaultConfigurationName</key>
			<string>Release</string>
		</dict>
		<key>45666D976BAB316D970EC459</key>
		<dict>
			<key>isa</key>
			<string>PBXShellScriptBuildPhase</string>
			<key>buildActionMask</key>
			<string>2147483647</string>
			<key>files</key>
			<array/>
			<key>name</key>
			<string>Prepare native dependencies and Core ML models</string>
			<key>shellPath</key>
			<string>/bin/bash</string>
			<key>shellScript</key>
			<string>bash "$SRCROOT/scripts/prepare-resources.sh"
</string>
			<key>runOnlyForDeploymentPostprocessing</key>
			<string>0</string>
			<key>alwaysOutOfDate</key>
			<string>1</string>
		</dict>
		<key>EACB7CE7F30E4F8F828C34AF</key>
		<dict>
			<key>isa</key>
			<string>PBXBuildFile</string>
			<key>fileRef</key>
			<string>63EE053353E45F6A22419022</string>
		</dict>
		<key>EDF514F3CC24261432A5569F</key>
		<dict>
			<key>isa</key>
			<string>PBXBuildFile</string>
			<key>fileRef</key>
			<string>116EC12D2EA3220EC03C8998</string>
		</dict>
		<key>80DC48A120689EB001F48B28</key>
		<dict>
			<key>isa</key>
			<string>PBXBuildFile</string>
			<key>fileRef</key>
			<string>3075A9D7F6CC5000BD750822</string>
		</dict>
		<key>FB7199A283E7A151CFFFEFAC</key>
		<dict>
			<key>isa</key>
			<string>PBXBuildFile</string>
			<key>fileRef</key>
			<string>CCB001D5E9CF861EC8CE202C</string>
		</dict>
		<key>9D4D007F1CCD8097A6423E97</key>
		<dict>
			<key>isa</key>
			<string>PBXBuildFile</string>
			<key>fileRef</key>
			<string>DED429E8F9208C8118435C41</string>
		</dict>
		<key>B7DFBECB64C8002B6CE344BE</key>
		<dict>
			<key>isa</key>
			<string>PBXBuildFile</string>
			<key>fileRef</key>
			<string>A2DC7F627C51D09FD53F9A13</string>
		</dict>
		<key>1D374634814F22C287F61CCF</key>
		<dict>
			<key>isa</key>
			<string>PBXBuildFile</string>
			<key>fileRef</key>
			<string>E26D999A86947B67F4844FA6</string>
		</dict>
		<key>884EA16F46192369BE17EE08</key>
		<dict>
			<key>isa</key>
			<string>PBXBuildFile</string>
			<key>fileRef</key>
			<string>AF086B9EDF5D21B7535C7202</string>
		</dict>
		<key>5880A609F33164C203A62033</key>
		<dict>
			<key>isa</key>
			<string>PBXBuildFile</string>
			<key>fileRef</key>
			<string>F69629B2B78ECDDEFFD61CD1</string>
		</dict>
		<key>EC530D9BE21F8E51DDB5955F</key>
		<dict>
			<key>isa</key>
			<string>PBXBuildFile</string>
			<key>fileRef</key>
			<string>448BBD263BB57919E843D915</string>
		</dict>
		<key>7039C79789E51AEDFCF7C296</key>
		<dict>
			<key>isa</key>
			<string>PBXBuildFile</string>
			<key>fileRef</key>
			<string>4B324CCB000D3A0BEEA02CE8</string>
		</dict>
		<key>2DC6CED889C2C000245C6096</key>
		<dict>
			<key>isa</key>
			<string>PBXBuildFile</string>
			<key>fileRef</key>
			<string>49D65FB831A4BEEC3B82DC07</string>
		</dict>
		<key>0FD377C41B7FE943180DFF78</key>
		<dict>
			<key>isa</key>
			<string>PBXBuildFile</string>
			<key>fileRef</key>
			<string>45793160F525BC71776FB449</string>
		</dict>
		<key>44B3B82CD64EEA31B6E6A52F</key>
		<dict>
			<key>isa</key>
			<string>PBXBuildFile</string>
			<key>fileRef</key>
			<string>295F831CF5309F9359F2D1A8</string>
		</dict>
		<key>1D640AE2FEFE08BFC49220BA</key>
		<dict>
			<key>isa</key>
			<string>PBXBuildFile</string>
			<key>fileRef</key>
			<string>AE696CA84B06F317EAB1311D</string>
		</dict>
		<key>6EFEFBFA60410D33C1874C2B</key>
		<dict>
			<key>isa</key>
			<string>PBXBuildFile</string>
			<key>fileRef</key>
			<string>CFDD214C47E5EEC12C5BA545</string>
		</dict>
		<key>7A3DB0B106FF3534B7D7CB21</key>
		<dict>
			<key>isa</key>
			<string>PBXBuildFile</string>
			<key>fileRef</key>
			<string>B76A32123B3915E8ADE47294</string>
		</dict>
		<key>008F788CBB46CF026677B3E8</key>
		<dict>
			<key>isa</key>
			<string>PBXBuildFile</string>
			<key>fileRef</key>
			<string>B6516958672FB05CB8EB6DD0</string>
		</dict>
		<key>7F4741F5D07B074D0B414173</key>
		<dict>
			<key>isa</key>
			<string>PBXBuildFile</string>
			<key>fileRef</key>
			<string>077E5BC3D4F9DC7A5BD13DC1</string>
		</dict>
		<key>8E501A205C6629851210EC8C</key>
		<dict>
			<key>isa</key>
			<string>PBXBuildFile</string>
			<key>fileRef</key>
			<string>B8367F4A6FE61C8936B4F8CF</string>
		</dict>
		<key>C43D5E71F362650C5692EA0D</key>
		<dict>
			<key>isa</key>
			<string>PBXBuildFile</string>
			<key>fileRef</key>
			<string>BB73BA3382CDDC546EA63603</string>
		</dict>
		<key>0A1A4332AE0D1E2DBC5C1262</key>
		<dict>
			<key>isa</key>
			<string>PBXBuildFile</string>
			<key>fileRef</key>
			<string>23DF8ED8F6D6707CABAACB3B</string>
		</dict>
		<key>DF1F2E9C662B39E0B2940846</key>
		<dict>
			<key>isa</key>
			<string>PBXBuildFile</string>
			<key>fileRef</key>
			<string>C112E5505A3E712CCC5A5201</string>
		</dict>
		<key>AFF87A50730392B6633ACECE</key>
		<dict>
			<key>isa</key>
			<string>PBXSourcesBuildPhase</string>
			<key>buildActionMask</key>
			<string>2147483647</string>
			<key>files</key>
			<array>
				<string>EACB7CE7F30E4F8F828C34AF</string>
				<string>EDF514F3CC24261432A5569F</string>
				<string>80DC48A120689EB001F48B28</string>
				<string>FB7199A283E7A151CFFFEFAC</string>
				<string>9D4D007F1CCD8097A6423E97</string>
				<string>B7DFBECB64C8002B6CE344BE</string>
				<string>1D374634814F22C287F61CCF</string>
				<string>884EA16F46192369BE17EE08</string>
				<string>5880A609F33164C203A62033</string>
				<string>EC530D9BE21F8E51DDB5955F</string>
				<string>7039C79789E51AEDFCF7C296</string>
				<string>2DC6CED889C2C000245C6096</string>
				<string>0FD377C41B7FE943180DFF78</string>
				<string>44B3B82CD64EEA31B6E6A52F</string>
				<string>1D640AE2FEFE08BFC49220BA</string>
				<string>6EFEFBFA60410D33C1874C2B</string>
				<string>7A3DB0B106FF3534B7D7CB21</string>
				<string>008F788CBB46CF026677B3E8</string>
				<string>7F4741F5D07B074D0B414173</string>
				<string>8E501A205C6629851210EC8C</string>
				<string>C43D5E71F362650C5692EA0D</string>
				<string>0A1A4332AE0D1E2DBC5C1262</string>
				<string>DF1F2E9C662B39E0B2940846</string>
			</array>
			<key>runOnlyForDeploymentPostprocessing</key>
			<string>0</string>
		</dict>
		<key>C0AFACEBDE3BBA8A26587CB9</key>
		<dict>
			<key>isa</key>
			<string>PBXBuildFile</string>
			<key>fileRef</key>
			<string>8E00FA504E47B2EE67AC6581</string>
		</dict>
		<key>7351DBE5F7EFE5E5826011B2</key>
		<dict>
			<key>isa</key>
			<string>PBXBuildFile</string>
			<key>fileRef</key>
			<string>3901E9379DB363554E85E331</string>
		</dict>
		<key>2D952D34D352B1BA7DC7DC81</key>
		<dict>
			<key>isa</key>
			<string>PBXBuildFile</string>
			<key>fileRef</key>
			<string>32D324E8BEEE0D338B832676</string>
		</dict>
		<key>840DB6EF0117C1A2925F0FEA</key>
		<dict>
			<key>isa</key>
			<string>PBXBuildFile</string>
			<key>fileRef</key>
			<string>23DF8ED8F6D6707CABAACB3B</string>
		</dict>
		<key>9277D1013B2A14364CDB59E9</key>
		<dict>
			<key>isa</key>
			<string>PBXBuildFile</string>
			<key>fileRef</key>
			<string>C112E5505A3E712CCC5A5201</string>
		</dict>
		<key>E0150B6BB50B701D6F7D6619</key>
		<dict>
			<key>isa</key>
			<string>PBXSourcesBuildPhase</string>
			<key>buildActionMask</key>
			<string>2147483647</string>
			<key>files</key>
			<array>
				<string>C0AFACEBDE3BBA8A26587CB9</string>
				<string>7351DBE5F7EFE5E5826011B2</string>
				<string>2D952D34D352B1BA7DC7DC81</string>
				<string>840DB6EF0117C1A2925F0FEA</string>
				<string>9277D1013B2A14364CDB59E9</string>
			</array>
			<key>runOnlyForDeploymentPostprocessing</key>
			<string>0</string>
		</dict>
		<key>BDA5D08DE031C4898E7BDE06</key>
		<dict>
			<key>isa</key>
			<string>PBXBuildFile</string>
			<key>fileRef</key>
			<string>1E97B59266506C232C9DC5B9</string>
		</dict>
		<key>77DF7956B6AE8D2A2BE25F98</key>
		<dict>
			<key>isa</key>
			<string>PBXBuildFile</string>
			<key>fileRef</key>
			<string>8D1C0C012D50DEEAE4F57C23</string>
		</dict>
		<key>41D311A605520FC7B8B9A980</key>
		<dict>
			<key>isa</key>
			<string>PBXResourcesBuildPhase</string>
			<key>buildActionMask</key>
			<string>2147483647</string>
			<key>files</key>
			<array>
				<string>BDA5D08DE031C4898E7BDE06</string>
				<string>77DF7956B6AE8D2A2BE25F98</string>
			</array>
			<key>runOnlyForDeploymentPostprocessing</key>
			<string>0</string>
		</dict>
		<key>EBB30C28FB56077190499346</key>
		<dict>
			<key>isa</key>
			<string>PBXContainerItemProxy</string>
			<key>containerPortal</key>
			<string>244210E48437B6556980A702</string>
			<key>proxyType</key>
			<string>1</string>
			<key>remoteGlobalIDString</key>
			<string>26F1DE33979D065BA8D86789</string>
			<key>remoteInfo</key>
			<string>LockedGazeCamera</string>
		</dict>
		<key>965FF32F58B180754D654307</key>
		<dict>
			<key>isa</key>
			<string>PBXTargetDependency</string>
			<key>target</key>
			<string>26F1DE33979D065BA8D86789</string>
			<key>targetProxy</key>
			<string>EBB30C28FB56077190499346</string>
		</dict>
		<key>DBEB21021DA7690EF23A1762</key>
		<dict>
			<key>isa</key>
			<string>PBXBuildFile</string>
			<key>fileRef</key>
			<string>9B5EA5B470B5FDC806AA1095</string>
			<key>settings</key>
			<dict>
				<key>ATTRIBUTES</key>
				<array>
					<string>CodeSignOnCopy</string>
					<string>RemoveHeadersOnCopy</string>
				</array>
			</dict>
		</dict>
		<key>2FCDAD1C40F5D8DBFBA9E52D</key>
		<dict>
			<key>isa</key>
			<string>PBXCopyFilesBuildPhase</string>
			<key>buildActionMask</key>
			<string>2147483647</string>
			<key>dstPath</key>
			<string>$(CONTENTS_FOLDER_PATH)/Library/SystemExtensions</string>
			<key>dstSubfolderSpec</key>
			<string>16</string>
			<key>files</key>
			<array>
				<string>DBEB21021DA7690EF23A1762</string>
			</array>
			<key>name</key>
			<string>Embed Camera Extension</string>
			<key>runOnlyForDeploymentPostprocessing</key>
			<string>0</string>
		</dict>
		<key>68735DCCA0E52D3C8159F4E5</key>
		<dict>
			<key>isa</key>
			<string>PBXBuildFile</string>
			<key>fileRef</key>
			<string>F69629B2B78ECDDEFFD61CD1</string>
		</dict>
		<key>FADF4CDD057F0B3D03CF301D</key>
		<dict>
			<key>isa</key>
			<string>PBXBuildFile</string>
			<key>fileRef</key>
			<string>448BBD263BB57919E843D915</string>
		</dict>
		<key>7604FA77B0B65FD0C99BFFD3</key>
		<dict>
			<key>isa</key>
			<string>PBXBuildFile</string>
			<key>fileRef</key>
			<string>B60FAC0CDFDC6B7FD6ADAC90</string>
		</dict>
		<key>5D535257024E7B4E95766C21</key>
		<dict>
			<key>isa</key>
			<string>PBXSourcesBuildPhase</string>
			<key>buildActionMask</key>
			<string>2147483647</string>
			<key>files</key>
			<array>
				<string>68735DCCA0E52D3C8159F4E5</string>
				<string>FADF4CDD057F0B3D03CF301D</string>
				<string>7604FA77B0B65FD0C99BFFD3</string>
			</array>
			<key>runOnlyForDeploymentPostprocessing</key>
			<string>0</string>
		</dict>
		<key>3D4C94A1F7EE40CC0F15C675</key>
		<dict>
			<key>isa</key>
			<string>PBXShellScriptBuildPhase</string>
			<key>buildActionMask</key>
			<string>2147483647</string>
			<key>files</key>
			<array/>
			<key>name</key>
			<string>Prepare Controls app icon</string>
			<key>shellPath</key>
			<string>/bin/bash</string>
			<key>shellScript</key>
			<string>bash "$SRCROOT/scripts/build-icon.sh" "$DERIVED_FILE_DIR/ControlsIcon"
mkdir -p "$TARGET_BUILD_DIR/$UNLOCALIZED_RESOURCES_FOLDER_PATH"
cp "$DERIVED_FILE_DIR/ControlsIcon/AppIcon.icns" "$TARGET_BUILD_DIR/$UNLOCALIZED_RESOURCES_FOLDER_PATH/AppIcon.icns"
</string>
			<key>inputPaths</key>
			<array>
				<string>$(SRCROOT)/Resources/AppIcon.png</string>
				<string>$(SRCROOT)/scripts/build-icon.sh</string>
			</array>
			<key>outputPaths</key>
			<array>
				<string>$(TARGET_BUILD_DIR)/$(UNLOCALIZED_RESOURCES_FOLDER_PATH)/AppIcon.icns</string>
			</array>
			<key>runOnlyForDeploymentPostprocessing</key>
			<string>0</string>
		</dict>
		<key>4E948F1E72F52C65C67F59A3</key>
		<dict>
			<key>isa</key>
			<string>PBXContainerItemProxy</string>
			<key>containerPortal</key>
			<string>244210E48437B6556980A702</string>
			<key>proxyType</key>
			<string>1</string>
			<key>remoteGlobalIDString</key>
			<string>1E2135D1B50F14D3D3D6CBE2</string>
			<key>remoteInfo</key>
			<string>LockedGazeControls</string>
		</dict>
		<key>2D88F375B69B0D4D34E89A6C</key>
		<dict>
			<key>isa</key>
			<string>PBXTargetDependency</string>
			<key>target</key>
			<string>1E2135D1B50F14D3D3D6CBE2</string>
			<key>targetProxy</key>
			<string>4E948F1E72F52C65C67F59A3</string>
		</dict>
		<key>C0FF5D590C6286C735FBFF22</key>
		<dict>
			<key>isa</key>
			<string>PBXBuildFile</string>
			<key>fileRef</key>
			<string>10C50543D5AD7F4C64ED50E2</string>
			<key>settings</key>
			<dict>
				<key>ATTRIBUTES</key>
				<array>
					<string>RemoveHeadersOnCopy</string>
				</array>
			</dict>
		</dict>
		<key>21D3B03B8091285D3EE5BEB8</key>
		<dict>
			<key>isa</key>
			<string>PBXCopyFilesBuildPhase</string>
			<key>buildActionMask</key>
			<string>2147483647</string>
			<key>dstPath</key>
			<string></string>
			<key>dstSubfolderSpec</key>
			<string>13</string>
			<key>files</key>
			<array>
				<string>C0FF5D590C6286C735FBFF22</string>
			</array>
			<key>name</key>
			<string>Embed Controls</string>
			<key>runOnlyForDeploymentPostprocessing</key>
			<string>0</string>
		</dict>
		<key>24A677429EEF4011C7261615</key>
		<dict>
			<key>isa</key>
			<string>XCBuildConfiguration</string>
			<key>name</key>
			<string>Debug</string>
			<key>baseConfigurationReference</key>
			<string>EE1E752050BF380B88186C3D</string>
			<key>buildSettings</key>
			<dict>
				<key>PRODUCT_NAME</key>
				<string>LockedGazeControls</string>
				<key>SWIFT_EMIT_LOC_STRINGS</key>
				<string>NO</string>
				<key>COMBINE_HIDPI_IMAGES</key>
				<string>YES</string>
				<key>PRODUCT_BUNDLE_IDENTIFIER</key>
				<string>local.lockedgaze.app.controls</string>
				<key>INFOPLIST_FILE</key>
				<string>Config/Controls-Info.plist</string>
				<key>CODE_SIGN_ENTITLEMENTS</key>
				<string>Config/Controls.entitlements</string>
				<key>SKIP_INSTALL</key>
				<string>YES</string>
				<key>ENABLE_APP_SANDBOX</key>
				<string>YES</string>
				<key>APPLICATION_EXTENSION_API_ONLY</key>
				<string>YES</string>
				<key>MACOSX_DEPLOYMENT_TARGET</key>
				<string>26.0</string>
				<key>SWIFT_OPTIMIZATION_LEVEL</key>
				<string>-Onone</string>
				<key>GCC_OPTIMIZATION_LEVEL</key>
				<string>0</string>
				<key>DEBUG_INFORMATION_FORMAT</key>
				<string>dwarf</string>
			</dict>
		</dict>
		<key>EBF557BD6122F41CEB026D4D</key>
		<dict>
			<key>isa</key>
			<string>XCBuildConfiguration</string>
			<key>name</key>
			<string>Release</string>
			<key>baseConfigurationReference</key>
			<string>EE1E752050BF380B88186C3D</string>
			<key>buildSettings</key>
			<dict>
				<key>PRODUCT_NAME</key>
				<string>LockedGazeControls</string>
				<key>SWIFT_EMIT_LOC_STRINGS</key>
				<string>NO</string>
				<key>COMBINE_HIDPI_IMAGES</key>
				<string>YES</string>
				<key>PRODUCT_BUNDLE_IDENTIFIER</key>
				<string>local.lockedgaze.app.controls</string>
				<key>INFOPLIST_FILE</key>
				<string>Config/Controls-Info.plist</string>
				<key>CODE_SIGN_ENTITLEMENTS</key>
				<string>Config/Controls.entitlements</string>
				<key>SKIP_INSTALL</key>
				<string>YES</string>
				<key>ENABLE_APP_SANDBOX</key>
				<string>YES</string>
				<key>APPLICATION_EXTENSION_API_ONLY</key>
				<string>YES</string>
				<key>MACOSX_DEPLOYMENT_TARGET</key>
				<string>26.0</string>
				<key>SWIFT_OPTIMIZATION_LEVEL</key>
				<string>-O</string>
				<key>GCC_OPTIMIZATION_LEVEL</key>
				<string>3</string>
				<key>DEBUG_INFORMATION_FORMAT</key>
				<string>dwarf-with-dsym</string>
			</dict>
		</dict>
		<key>BD98151502478E2827517B50</key>
		<dict>
			<key>isa</key>
			<string>XCConfigurationList</string>
			<key>buildConfigurations</key>
			<array>
				<string>24A677429EEF4011C7261615</string>
				<string>EBF557BD6122F41CEB026D4D</string>
			</array>
			<key>defaultConfigurationIsVisible</key>
			<string>0</string>
			<key>defaultConfigurationName</key>
			<string>Release</string>
		</dict>
		<key>1E2135D1B50F14D3D3D6CBE2</key>
		<dict>
			<key>isa</key>
			<string>PBXNativeTarget</string>
			<key>name</key>
			<string>LockedGazeControls</string>
			<key>productName</key>
			<string>LockedGazeControls</string>
			<key>productType</key>
			<string>com.apple.product-type.app-extension</string>
			<key>productReference</key>
			<string>10C50543D5AD7F4C64ED50E2</string>
			<key>buildConfigurationList</key>
			<string>BD98151502478E2827517B50</string>
			<key>buildPhases</key>
			<array>
				<string>5D535257024E7B4E95766C21</string>
				<string>3D4C94A1F7EE40CC0F15C675</string>
			</array>
			<key>buildRules</key>
			<array/>
			<key>dependencies</key>
			<array/>
		</dict>
		<key>3DA47D762B0332DC1D89817F</key>
		<dict>
			<key>isa</key>
			<string>PBXBuildFile</string>
			<key>fileRef</key>
			<string>295F831CF5309F9359F2D1A8</string>
		</dict>
		<key>4F11EBBAAA8A87708DDB0E41</key>
		<dict>
			<key>isa</key>
			<string>PBXBuildFile</string>
			<key>fileRef</key>
			<string>B8367F4A6FE61C8936B4F8CF</string>
		</dict>
		<key>7C33FD23344AA07219FBD089</key>
		<dict>
			<key>isa</key>
			<string>PBXBuildFile</string>
			<key>fileRef</key>
			<string>BB73BA3382CDDC546EA63603</string>
		</dict>
		<key>875381C4BE8D91E69D17A2DF</key>
		<dict>
			<key>isa</key>
			<string>PBXBuildFile</string>
			<key>fileRef</key>
			<string>FCEA454A805C73EF24C104F5</string>
		</dict>
		<key>9D8AE43F72DDE9839BF7A0C3</key>
		<dict>
			<key>isa</key>
			<string>PBXBuildFile</string>
			<key>fileRef</key>
			<string>1051C7AF10809DCD75E7134A</string>
		</dict>
		<key>A3EE19B91F5FF606EC40CE98</key>
		<dict>
			<key>isa</key>
			<string>PBXBuildFile</string>
			<key>fileRef</key>
			<string>23DF8ED8F6D6707CABAACB3B</string>
		</dict>
		<key>1D2E003659A9E2A2426A857B</key>
		<dict>
			<key>isa</key>
			<string>PBXSourcesBuildPhase</string>
			<key>buildActionMask</key>
			<string>2147483647</string>
			<key>files</key>
			<array>
				<string>3DA47D762B0332DC1D89817F</string>
				<string>4F11EBBAAA8A87708DDB0E41</string>
				<string>7C33FD23344AA07219FBD089</string>
				<string>875381C4BE8D91E69D17A2DF</string>
				<string>9D8AE43F72DDE9839BF7A0C3</string>
				<string>A3EE19B91F5FF606EC40CE98</string>
			</array>
			<key>runOnlyForDeploymentPostprocessing</key>
			<string>0</string>
		</dict>
		<key>D96B6C3AFCB1FA4ED4731072</key>
		<dict>
			<key>isa</key>
			<string>PBXContainerItemProxy</string>
			<key>containerPortal</key>
			<string>244210E48437B6556980A702</string>
			<key>proxyType</key>
			<string>1</string>
			<key>remoteGlobalIDString</key>
			<string>4F03A060B7EB032972DCB327</string>
			<key>remoteInfo</key>
			<string>LockedGazePublisher</string>
		</dict>
		<key>1C92498ADE5FA65855A8F243</key>
		<dict>
			<key>isa</key>
			<string>PBXTargetDependency</string>
			<key>target</key>
			<string>4F03A060B7EB032972DCB327</string>
			<key>targetProxy</key>
			<string>D96B6C3AFCB1FA4ED4731072</string>
		</dict>
		<key>D8A7C99A5A85558B9CBB2883</key>
		<dict>
			<key>isa</key>
			<string>PBXBuildFile</string>
			<key>fileRef</key>
			<string>E2766D768D2958DD7634E2E4</string>
			<key>settings</key>
			<dict>
				<key>ATTRIBUTES</key>
				<array>
					<string>CodeSignOnCopy</string>
					<string>RemoveHeadersOnCopy</string>
				</array>
			</dict>
		</dict>
		<key>1614C1F057C2D19D8E9C3189</key>
		<dict>
			<key>isa</key>
			<string>PBXCopyFilesBuildPhase</string>
			<key>buildActionMask</key>
			<string>2147483647</string>
			<key>dstPath</key>
			<string>$(CONTENTS_FOLDER_PATH)/XPCServices</string>
			<key>dstSubfolderSpec</key>
			<string>16</string>
			<key>files</key>
			<array>
				<string>D8A7C99A5A85558B9CBB2883</string>
			</array>
			<key>name</key>
			<string>Embed Publisher Service</string>
			<key>runOnlyForDeploymentPostprocessing</key>
			<string>0</string>
		</dict>
		<key>EB7A0F818594ADC1661E4B40</key>
		<dict>
			<key>isa</key>
			<string>XCBuildConfiguration</string>
			<key>name</key>
			<string>Debug</string>
			<key>baseConfigurationReference</key>
			<string>EE1E752050BF380B88186C3D</string>
			<key>buildSettings</key>
			<dict>
				<key>PRODUCT_NAME</key>
				<string>LockedGazePublisher</string>
				<key>SWIFT_EMIT_LOC_STRINGS</key>
				<string>NO</string>
				<key>COMBINE_HIDPI_IMAGES</key>
				<string>YES</string>
				<key>PRODUCT_BUNDLE_IDENTIFIER</key>
				<string>local.lockedgaze.app.publisher</string>
				<key>INFOPLIST_FILE</key>
				<string>Config/Publisher-Info.plist</string>
				<key>CODE_SIGN_ENTITLEMENTS</key>
				<string>Config/Publisher.entitlements</string>
				<key>SKIP_INSTALL</key>
				<string>YES</string>
				<key>SWIFT_OPTIMIZATION_LEVEL</key>
				<string>-Onone</string>
				<key>GCC_OPTIMIZATION_LEVEL</key>
				<string>0</string>
				<key>DEBUG_INFORMATION_FORMAT</key>
				<string>dwarf</string>
			</dict>
		</dict>
		<key>6A96CC3AAD5F08F65682F56E</key>
		<dict>
			<key>isa</key>
			<string>XCBuildConfiguration</string>
			<key>name</key>
			<string>Release</string>
			<key>baseConfigurationReference</key>
			<string>EE1E752050BF380B88186C3D</string>
			<key>buildSettings</key>
			<dict>
				<key>PRODUCT_NAME</key>
				<string>LockedGazePublisher</string>
				<key>SWIFT_EMIT_LOC_STRINGS</key>
				<string>NO</string>
				<key>COMBINE_HIDPI_IMAGES</key>
				<string>YES</string>
				<key>PRODUCT_BUNDLE_IDENTIFIER</key>
				<string>local.lockedgaze.app.publisher</string>
				<key>INFOPLIST_FILE</key>
				<string>Config/Publisher-Info.plist</string>
				<key>CODE_SIGN_ENTITLEMENTS</key>
				<string>Config/Publisher.entitlements</string>
				<key>SKIP_INSTALL</key>
				<string>YES</string>
				<key>SWIFT_OPTIMIZATION_LEVEL</key>
				<string>-O</string>
				<key>GCC_OPTIMIZATION_LEVEL</key>
				<string>3</string>
				<key>DEBUG_INFORMATION_FORMAT</key>
				<string>dwarf-with-dsym</string>
			</dict>
		</dict>
		<key>E05DF73DB18D2EA4ACCE79C2</key>
		<dict>
			<key>isa</key>
			<string>XCConfigurationList</string>
			<key>buildConfigurations</key>
			<array>
				<string>EB7A0F818594ADC1661E4B40</string>
				<string>6A96CC3AAD5F08F65682F56E</string>
			</array>
			<key>defaultConfigurationIsVisible</key>
			<string>0</string>
			<key>defaultConfigurationName</key>
			<string>Release</string>
		</dict>
		<key>4F03A060B7EB032972DCB327</key>
		<dict>
			<key>isa</key>
			<string>PBXNativeTarget</string>
			<key>name</key>
			<string>LockedGazePublisher</string>
			<key>productName</key>
			<string>LockedGazePublisher</string>
			<key>productType</key>
			<string>com.apple.product-type.xpc-service</string>
			<key>productReference</key>
			<string>E2766D768D2958DD7634E2E4</string>
			<key>buildConfigurationList</key>
			<string>E05DF73DB18D2EA4ACCE79C2</string>
			<key>buildPhases</key>
			<array>
				<string>1D2E003659A9E2A2426A857B</string>
			</array>
			<key>buildRules</key>
			<array/>
			<key>dependencies</key>
			<array/>
		</dict>
		<key>2A04C20BF6D5C20A63A1D4CC</key>
		<dict>
			<key>isa</key>
			<string>XCBuildConfiguration</string>
			<key>name</key>
			<string>Debug</string>
			<key>baseConfigurationReference</key>
			<string>EE1E752050BF380B88186C3D</string>
			<key>buildSettings</key>
			<dict>
				<key>PRODUCT_NAME</key>
				<string>Locked Gaze</string>
				<key>SWIFT_EMIT_LOC_STRINGS</key>
				<string>NO</string>
				<key>COMBINE_HIDPI_IMAGES</key>
				<string>YES</string>
				<key>PRODUCT_BUNDLE_IDENTIFIER</key>
				<string>local.lockedgaze.app</string>
				<key>INFOPLIST_FILE</key>
				<string>Config/App-Info.plist</string>
				<key>CODE_SIGN_ENTITLEMENTS</key>
				<string>Config/App.entitlements</string>
				<key>SWIFT_OBJC_BRIDGING_HEADER</key>
				<string>Native/include/LGFramePipeline.h</string>
				<key>HEADER_SEARCH_PATHS</key>
				<array>
					<string>$(inherited)</string>
					<string>$(SRCROOT)/Native/include</string>
					<string>$(SRCROOT)/build/deps/opencv/include/opencv4</string>
				</array>
				<key>LIBRARY_SEARCH_PATHS</key>
				<array>
					<string>$(inherited)</string>
					<string>$(SRCROOT)/build/deps/opencv/lib</string>
					<string>$(SRCROOT)/build/deps/opencv/lib/opencv4/3rdparty</string>
				</array>
				<key>OTHER_LDFLAGS</key>
				<array>
					<string>$(inherited)</string>
					<string>-lopencv_calib3d</string>
					<string>-lopencv_features2d</string>
					<string>-lopencv_flann</string>
					<string>-lopencv_imgproc</string>
					<string>-lopencv_core</string>
					<string>-ltegra_hal</string>
					<string>-lc++</string>
					<string>-lz</string>
					<string>-framework</string>
					<string>Accelerate</string>
				</array>
				<key>LD_RUNPATH_SEARCH_PATHS</key>
				<array>
					<string>$(inherited)</string>
					<string>@executable_path/../Frameworks</string>
				</array>
				<key>SWIFT_OPTIMIZATION_LEVEL</key>
				<string>-Onone</string>
				<key>GCC_OPTIMIZATION_LEVEL</key>
				<string>0</string>
				<key>DEBUG_INFORMATION_FORMAT</key>
				<string>dwarf</string>
			</dict>
		</dict>
		<key>E28089EB494F94D6F9770EC2</key>
		<dict>
			<key>isa</key>
			<string>XCBuildConfiguration</string>
			<key>name</key>
			<string>Release</string>
			<key>baseConfigurationReference</key>
			<string>EE1E752050BF380B88186C3D</string>
			<key>buildSettings</key>
			<dict>
				<key>PRODUCT_NAME</key>
				<string>Locked Gaze</string>
				<key>SWIFT_EMIT_LOC_STRINGS</key>
				<string>NO</string>
				<key>COMBINE_HIDPI_IMAGES</key>
				<string>YES</string>
				<key>PRODUCT_BUNDLE_IDENTIFIER</key>
				<string>local.lockedgaze.app</string>
				<key>INFOPLIST_FILE</key>
				<string>Config/App-Info.plist</string>
				<key>CODE_SIGN_ENTITLEMENTS</key>
				<string>Config/App.entitlements</string>
				<key>SWIFT_OBJC_BRIDGING_HEADER</key>
				<string>Native/include/LGFramePipeline.h</string>
				<key>HEADER_SEARCH_PATHS</key>
				<array>
					<string>$(inherited)</string>
					<string>$(SRCROOT)/Native/include</string>
					<string>$(SRCROOT)/build/deps/opencv/include/opencv4</string>
				</array>
				<key>LIBRARY_SEARCH_PATHS</key>
				<array>
					<string>$(inherited)</string>
					<string>$(SRCROOT)/build/deps/opencv/lib</string>
					<string>$(SRCROOT)/build/deps/opencv/lib/opencv4/3rdparty</string>
				</array>
				<key>OTHER_LDFLAGS</key>
				<array>
					<string>$(inherited)</string>
					<string>-lopencv_calib3d</string>
					<string>-lopencv_features2d</string>
					<string>-lopencv_flann</string>
					<string>-lopencv_imgproc</string>
					<string>-lopencv_core</string>
					<string>-ltegra_hal</string>
					<string>-lc++</string>
					<string>-lz</string>
					<string>-framework</string>
					<string>Accelerate</string>
				</array>
				<key>LD_RUNPATH_SEARCH_PATHS</key>
				<array>
					<string>$(inherited)</string>
					<string>@executable_path/../Frameworks</string>
				</array>
				<key>SWIFT_OPTIMIZATION_LEVEL</key>
				<string>-O</string>
				<key>GCC_OPTIMIZATION_LEVEL</key>
				<string>3</string>
				<key>DEBUG_INFORMATION_FORMAT</key>
				<string>dwarf-with-dsym</string>
			</dict>
		</dict>
		<key>7BCEE9A04133D8A2FED7D4D3</key>
		<dict>
			<key>isa</key>
			<string>XCConfigurationList</string>
			<key>buildConfigurations</key>
			<array>
				<string>2A04C20BF6D5C20A63A1D4CC</string>
				<string>E28089EB494F94D6F9770EC2</string>
			</array>
			<key>defaultConfigurationIsVisible</key>
			<string>0</string>
			<key>defaultConfigurationName</key>
			<string>Release</string>
		</dict>
		<key>A172CEDCAE47474B615C54D5</key>
		<dict>
			<key>isa</key>
			<string>PBXNativeTarget</string>
			<key>name</key>
			<string>LockedGaze</string>
			<key>productName</key>
			<string>Locked Gaze</string>
			<key>productType</key>
			<string>com.apple.product-type.application</string>
			<key>productReference</key>
			<string>681C948D238C526E9E3424E0</string>
			<key>buildConfigurationList</key>
			<string>7BCEE9A04133D8A2FED7D4D3</string>
			<key>buildPhases</key>
			<array>
				<string>45666D976BAB316D970EC459</string>
				<string>AFF87A50730392B6633ACECE</string>
				<string>41D311A605520FC7B8B9A980</string>
				<string>2FCDAD1C40F5D8DBFBA9E52D</string>
				<string>21D3B03B8091285D3EE5BEB8</string>
				<string>1614C1F057C2D19D8E9C3189</string>
			</array>
			<key>buildRules</key>
			<array/>
			<key>dependencies</key>
			<array>
				<string>965FF32F58B180754D654307</string>
				<string>2D88F375B69B0D4D34E89A6C</string>
				<string>1C92498ADE5FA65855A8F243</string>
			</array>
		</dict>
		<key>2487E269319F54D3C5BC970F</key>
		<dict>
			<key>isa</key>
			<string>XCBuildConfiguration</string>
			<key>name</key>
			<string>Debug</string>
			<key>baseConfigurationReference</key>
			<string>EE1E752050BF380B88186C3D</string>
			<key>buildSettings</key>
			<dict>
				<key>PRODUCT_NAME</key>
				<string>local.lockedgaze.app.camera</string>
				<key>SWIFT_EMIT_LOC_STRINGS</key>
				<string>NO</string>
				<key>COMBINE_HIDPI_IMAGES</key>
				<string>YES</string>
				<key>PRODUCT_BUNDLE_IDENTIFIER</key>
				<string>local.lockedgaze.app.camera</string>
				<key>INFOPLIST_FILE</key>
				<string>Config/Camera-Info.plist</string>
				<key>CODE_SIGN_ENTITLEMENTS</key>
				<string>Config/Camera.entitlements</string>
				<key>SKIP_INSTALL</key>
				<string>YES</string>
				<key>ENABLE_APP_SANDBOX</key>
				<string>YES</string>
				<key>INSTALL_PATH</key>
				<string>$(LOCAL_LIBRARY_DIR)/SystemExtensions</string>
				<key>SWIFT_OPTIMIZATION_LEVEL</key>
				<string>-Onone</string>
				<key>GCC_OPTIMIZATION_LEVEL</key>
				<string>0</string>
				<key>DEBUG_INFORMATION_FORMAT</key>
				<string>dwarf</string>
			</dict>
		</dict>
		<key>85797ED0353E9D83CC419C37</key>
		<dict>
			<key>isa</key>
			<string>XCBuildConfiguration</string>
			<key>name</key>
			<string>Release</string>
			<key>baseConfigurationReference</key>
			<string>EE1E752050BF380B88186C3D</string>
			<key>buildSettings</key>
			<dict>
				<key>PRODUCT_NAME</key>
				<string>local.lockedgaze.app.camera</string>
				<key>SWIFT_EMIT_LOC_STRINGS</key>
				<string>NO</string>
				<key>COMBINE_HIDPI_IMAGES</key>
				<string>YES</string>
				<key>PRODUCT_BUNDLE_IDENTIFIER</key>
				<string>local.lockedgaze.app.camera</string>
				<key>INFOPLIST_FILE</key>
				<string>Config/Camera-Info.plist</string>
				<key>CODE_SIGN_ENTITLEMENTS</key>
				<string>Config/Camera.entitlements</string>
				<key>SKIP_INSTALL</key>
				<string>YES</string>
				<key>ENABLE_APP_SANDBOX</key>
				<string>YES</string>
				<key>INSTALL_PATH</key>
				<string>$(LOCAL_LIBRARY_DIR)/SystemExtensions</string>
				<key>SWIFT_OPTIMIZATION_LEVEL</key>
				<string>-O</string>
				<key>GCC_OPTIMIZATION_LEVEL</key>
				<string>3</string>
				<key>DEBUG_INFORMATION_FORMAT</key>
				<string>dwarf-with-dsym</string>
			</dict>
		</dict>
		<key>78C3946580C419ADCFAA768D</key>
		<dict>
			<key>isa</key>
			<string>XCConfigurationList</string>
			<key>buildConfigurations</key>
			<array>
				<string>2487E269319F54D3C5BC970F</string>
				<string>85797ED0353E9D83CC419C37</string>
			</array>
			<key>defaultConfigurationIsVisible</key>
			<string>0</string>
			<key>defaultConfigurationName</key>
			<string>Release</string>
		</dict>
		<key>26F1DE33979D065BA8D86789</key>
		<dict>
			<key>isa</key>
			<string>PBXNativeTarget</string>
			<key>name</key>
			<string>LockedGazeCamera</string>
			<key>productName</key>
			<string>local.lockedgaze.app.camera</string>
			<key>productType</key>
			<string>com.apple.product-type.system-extension</string>
			<key>productReference</key>
			<string>9B5EA5B470B5FDC806AA1095</string>
			<key>buildConfigurationList</key>
			<string>78C3946580C419ADCFAA768D</string>
			<key>buildPhases</key>
			<array>
				<string>E0150B6BB50B701D6F7D6619</string>
			</array>
			<key>buildRules</key>
			<array/>
			<key>dependencies</key>
			<array/>
		</dict>
		<key>244210E48437B6556980A702</key>
		<dict>
			<key>isa</key>
			<string>PBXProject</string>
			<key>attributes</key>
			<dict>
				<key>LastUpgradeCheck</key>
				<string>2700</string>
				<key>BuildIndependentTargetsInParallel</key>
				<string>YES</string>
			</dict>
			<key>buildConfigurationList</key>
			<string>B4E10CAA9C5E22150B71559C</string>
			<key>compatibilityVersion</key>
			<string>Xcode 14.0</string>
			<key>developmentRegion</key>
			<string>en</string>
			<key>hasScannedForEncodings</key>
			<string>0</string>
			<key>knownRegions</key>
			<array>
				<string>en</string>
				<string>Base</string>
			</array>
			<key>mainGroup</key>
			<string>C69913C7EE4DFDD011BE172F</string>
			<key>productRefGroup</key>
			<string>0A3E27B8CA818264D75C8D81</string>
			<key>projectDirPath</key>
			<string></string>
			<key>projectRoot</key>
			<string></string>
			<key>targets</key>
			<array>
				<string>A172CEDCAE47474B615C54D5</string>
				<string>26F1DE33979D065BA8D86789</string>
				<string>1E2135D1B50F14D3D3D6CBE2</string>
				<string>4F03A060B7EB032972DCB327</string>
			</array>
		</dict>
	</dict>
	<key>rootObject</key>
	<string>244210E48437B6556980A702</string>
</dict>
</plist>
